
Microsoft Visual Studio Solution File, Format Version 12.00
# Visual Studio Version 17
VisualStudioVersion = 17.14.36203.30 d17.14
MinimumVisualStudioVersion = 10.0.40219.1
Project("{FAE04EC0-301F-11D3-BF4B-00C04F79EFBC}") = "RestExercise1", "RestExercise1\RestExercise1.csproj", "{578E164B-6456-4A7E-9607-834F1865D52A}"
EndProject
Global
	GlobalSection(SolutionConfigurationPlatforms) = preSolution
		Debug|Any CPU = Debug|Any CPU
		Release|Any CPU = Release|Any CPU
	EndGlobalSection
	GlobalSection(ProjectConfigurationPlatforms) = postSolution
		{578E164B-6456-4A7E-9607-834F1865D52A}.Debug|Any CPU.ActiveCfg = Debug|Any CPU
		{578E164B-6456-4A7E-9607-834F1865D52A}.Debug|Any CPU.Build.0 = Debug|Any CPU
		{578E164B-6456-4A7E-9607-834F1865D52A}.Release|Any CPU.ActiveCfg = Release|Any CPU
		{578E164B-6456-4A7E-9607-834F1865D52A}.Release|Any CPU.Build.0 = Release|Any CPU
	EndGlobalSection
	GlobalSection(SolutionProperties) = preSolution
		HideSolutionNode = FALSE
	EndGlobalSection
	GlobalSection(ExtensibilityGlobals) = postSolution
		SolutionGuid = {10539233-E5E5-4978-AB97-042BD70E62A0}
	EndGlobalSection
EndGlobal
